
Microsoft Visual Studio Solution File, Format Version 12.00
# Visual Studio Version 16
VisualStudioVersion = 16.0.31424.327
MinimumVisualStudioVersion = 10.0.40219.1
Project("{FAE04EC0-301F-11D3-BF4B-00C04F79EFBC}") = "MultithreadTask", "MultithreadTask\MultithreadTask.csproj", "{B8075ED2-0141-44FF-BCA9-A487B0F78807}"
EndProject
Global
	GlobalSection(SolutionConfigurationPlatforms) = preSolution
		Debug|Any CPU = Debug|Any CPU
		Release|Any CPU = Release|Any CPU
	EndGlobalSection
	GlobalSection(ProjectConfigurationPlatforms) = postSolution
		{B8075ED2-0141-44FF-BCA9-A487B0F78807}.Debug|Any CPU.ActiveCfg = Debug|Any CPU
		{B8075ED2-0141-44FF-BCA9-A487B0F78807}.Debug|Any CPU.Build.0 = Debug|Any CPU
		{B8075ED2-0141-44FF-BCA9-A487B0F78807}.Release|Any CPU.ActiveCfg = Release|Any CPU
		{B8075ED2-0141-44FF-BCA9-A487B0F78807}.Release|Any CPU.Build.0 = Release|Any CPU
	EndGlobalSection
	GlobalSection(SolutionProperties) = preSolution
		HideSolutionNode = FALSE
	EndGlobalSection
	GlobalSection(ExtensibilityGlobals) = postSolution
		SolutionGuid = {DCD82709-F366-437B-BF1F-38E94BC91D2F}
	EndGlobalSection
EndGlobal
